<Solution>
  <Project Path="RobotSimulatorTest.Application/RobotSimulatorTest.Application.csproj" />
  <Project Path="RobotSimulatorTest.Client/RobotSimulatorTest.Client.csproj" />
  <Project Path="RobotSimulatorTest.Domain/RobotSimulatorTest.Domain.csproj" />
  <Project Path="RobotSimulatorTest.Infrastructure/RobotSimulatorTest.Infrastructure.csproj" />
</Solution>
